// !$*UTF8*$!
{
	archiveVersion = 1;
	classes = {
	};
	objectVersion = 50;
	objects = {

/* Begin PBXBuildFile section */
		ACB879F320FD91AF00DBC2E1 /* AppDelegate.swift in Sources */ = {isa = PBXBuildFile; fileRef = ACB879F220FD91AF00DBC2E1 /* AppDelegate.swift */; };
		ACB879F520FD91B000DBC2E1 /* RestaurantViewController.swift in Sources */ = {isa = PBXBuildFile; fileRef = ACB879F420FD91B000DBC2E1 /* RestaurantViewController.swift */; };
		ACB879F820FD91B000DBC2E1 /* Main.storyboard in Resources */ = {isa = PBXBuildFile; fileRef = ACB879F620FD91B000DBC2E1 /* Main.storyboard */; };
		ACB879FA20FD91BD00DBC2E1 /* Assets.xcassets in Resources */ = {isa = PBXBuildFile; fileRef = ACB879F920FD91BD00DBC2E1 /* Assets.xcassets */; };
		ACB879FD20FD91BD00DBC2E1 /* LaunchScreen.storyboard in Resources */ = {isa = PBXBuildFile; fileRef = ACB879FB20FD91BD00DBC2E1 /* LaunchScreen.storyboard */; };
		ACB87A0620FD922700DBC2E1 /* MapViewController.swift in Sources */ = {isa = PBXBuildFile; fileRef = ACB87A0420FD922700DBC2E1 /* MapViewController.swift */; };
		ACB87A0720FD922700DBC2E1 /* MapViewController.xib in Resources */ = {isa = PBXBuildFile; fileRef = ACB87A0520FD922700DBC2E1 /* MapViewController.xib */; };
		ACB87A0A20FDDBC500DBC2E1 /* VideoViewController.swift in Sources */ = {isa = PBXBuildFile; fileRef = ACB87A0820FDDBC500DBC2E1 /* VideoViewController.swift */; };
		ACB87A0B20FDDBC500DBC2E1 /* VideoViewController.xib in Resources */ = {isa = PBXBuildFile; fileRef = ACB87A0920FDDBC500DBC2E1 /* VideoViewController.xib */; };
		ACB87A0E20FDEBDB00DBC2E1 /* WeatherViewController.swift in Sources */ = {isa = PBXBuildFile; fileRef = ACB87A0C20FDEBDB00DBC2E1 /* WeatherViewController.swift */; };
		ACB87A0F20FDEBDB00DBC2E1 /* WeatherViewController.xib in Resources */ = {isa = PBXBuildFile; fileRef = ACB87A0D20FDEBDB00DBC2E1 /* WeatherViewController.xib */; };
/* End PBXBuildFile section */

/* Begin PBXFileReference section */
		ACB879EF20FD91AF00DBC2E1 /* ParentChildren.app */ = {isa = PBXFileReference; explicitFileType = wrapper.application; includeInIndex = 0; path = ParentChildren.app; sourceTree = BUILT_PRODUCTS_DIR; };
		ACB879F220FD91AF00DBC2E1 /* AppDelegate.swift */ = {isa = PBXFileReference; lastKnownFileType = sourcecode.swift; path = AppDelegate.swift; sourceTree = "<group>"; };
		ACB879F420FD91B000DBC2E1 /* RestaurantViewController.swift */ = {isa = PBXFileReference; lastKnownFileType = sourcecode.swift; path = RestaurantViewController.swift; sourceTree = "<group>"; };
		ACB879F720FD91B000DBC2E1 /* Base */ = {isa = PBXFileReference; lastKnownFileType = file.storyboard; name = Base; path = Base.lproj/Main.storyboard; sourceTree = "<group>"; };
		ACB879F920FD91BD00DBC2E1 /* Assets.xcassets */ = {isa = PBXFileReference; lastKnownFileType = folder.assetcatalog; path = Assets.xcassets; sourceTree = "<group>"; };
		ACB879FC20FD91BD00DBC2E1 /* Base */ = {isa = PBXFileReference; lastKnownFileType = file.storyboard; name = Base; path = Base.lproj/LaunchScreen.storyboard; sourceTree = "<group>"; };
		ACB879FE20FD91BD00DBC2E1 /* Info.plist */ = {isa = PBXFileReference; lastKnownFileType = text.plist.xml; path = Info.plist; sourceTree = "<group>"; };
		ACB87A0420FD922700DBC2E1 /* MapViewController.swift */ = {isa = PBXFileReference; lastKnownFileType = sourcecode.swift; path = MapViewController.swift; sourceTree = "<group>"; };
		ACB87A0520FD922700DBC2E1 /* MapViewController.xib */ = {isa = PBXFileReference; lastKnownFileType = file.xib; path = MapViewController.xib; sourceTree = "<group>"; };
		ACB87A0820FDDBC500DBC2E1 /* VideoViewController.swift */ = {isa = PBXFileReference; lastKnownFileType = sourcecode.swift; path = VideoViewController.swift; sourceTree = "<group>"; };
		ACB87A0920FDDBC500DBC2E1 /* VideoViewController.xib */ = {isa = PBXFileReference; lastKnownFileType = file.xib; path = VideoViewController.xib; sourceTree = "<group>"; };
		ACB87A0C20FDEBDB00DBC2E1 /* WeatherViewController.swift */ = {isa = PBXFileReference; lastKnownFileType = sourcecode.swift; path = WeatherViewController.swift; sourceTree = "<group>"; };
		ACB87A0D20FDEBDB00DBC2E1 /* WeatherViewController.xib */ = {isa = PBXFileReference; lastKnownFileType = file.xib; path = WeatherViewController.xib; sourceTree = "<group>"; };
/* End PBXFileReference section */

/* Begin PBXFrameworksBuildPhase section */
		ACB879EC20FD91AF00DBC2E1 /* Frameworks */ = {
			isa = PBXFrameworksBuildPhase;
			buildActionMask = 2147483647;
			files = (
			);
			runOnlyForDeploymentPostprocessing = 0;
		};
/* End PBXFrameworksBuildPhase section */

/* Begin PBXGroup section */
		ACB879E620FD91AF00DBC2E1 = {
			isa = PBXGroup;
			children = (
				ACB879F120FD91AF00DBC2E1 /* ParentChildren */,
				ACB879F020FD91AF00DBC2E1 /* Products */,
			);
			sourceTree = "<group>";
		};
		ACB879F020FD91AF00DBC2E1 /* Products */ = {
			isa = PBXGroup;
			children = (
				ACB879EF20FD91AF00DBC2E1 /* ParentChildren.app */,
			);
			name = Products;
			sourceTree = "<group>";
		};
		ACB879F120FD91AF00DBC2E1 /* ParentChildren */ = {
			isa = PBXGroup;
			children = (
				ACB879F220FD91AF00DBC2E1 /* AppDelegate.swift */,
				ACB879F420FD91B000DBC2E1 /* RestaurantViewController.swift */,
				ACB879F620FD91B000DBC2E1 /* Main.storyboard */,
				ACB879F920FD91BD00DBC2E1 /* Assets.xcassets */,
				ACB879FB20FD91BD00DBC2E1 /* LaunchScreen.storyboard */,
				ACB879FE20FD91BD00DBC2E1 /* Info.plist */,
				ACB87A0420FD922700DBC2E1 /* MapViewController.swift */,
				ACB87A0520FD922700DBC2E1 /* MapViewController.xib */,
				ACB87A0820FDDBC500DBC2E1 /* VideoViewController.swift */,
				ACB87A0920FDDBC500DBC2E1 /* VideoViewController.xib */,
				ACB87A0C20FDEBDB00DBC2E1 /* WeatherViewController.swift */,
				ACB87A0D20FDEBDB00DBC2E1 /* WeatherViewController.xib */,
			);
			path = ParentChildren;
			sourceTree = "<group>";
		};
/* End PBXGroup section */

/* Begin PBXNativeTarget section */
		ACB879EE20FD91AF00DBC2E1 /* ParentChildren */ = {
			isa = PBXNativeTarget;
			buildConfigurationList = ACB87A0120FD91BD00DBC2E1 /* Build configuration list for PBXNativeTarget "ParentChildren" */;
			buildPhases = (
				ACB879EB20FD91AF00DBC2E1 /* Sources */,
				ACB879EC20FD91AF00DBC2E1 /* Frameworks */,
				ACB879ED20FD91AF00DBC2E1 /* Resources */,
			);
			buildRules = (
			);
			dependencies = (
			);
			name = ParentChildren;
			productName = ParentChildren;
			productReference = ACB879EF20FD91AF00DBC2E1 /* ParentChildren.app */;
			productType = "com.apple.product-type.application";
		};
/* End PBXNativeTarget section */

/* Begin PBXProject section */
		ACB879E720FD91AF00DBC2E1 /* Project object */ = {
			isa = PBXProject;
			attributes = {
				LastSwiftUpdateCheck = 0940;
				LastUpgradeCheck = 0940;
				ORGANIZATIONNAME = nmi;
				TargetAttributes = {
					ACB879EE20FD91AF00DBC2E1 = {
						CreatedOnToolsVersion = 9.4.1;
					};
				};
			};
			buildConfigurationList = ACB879EA20FD91AF00DBC2E1 /* Build configuration list for PBXProject "ParentChildren" */;
			compatibilityVersion = "Xcode 9.3";
			developmentRegion = en;
			hasScannedForEncodings = 0;
			knownRegions = (
				en,
				Base,
			);
			mainGroup = ACB879E620FD91AF00DBC2E1;
			productRefGroup = ACB879F020FD91AF00DBC2E1 /* Products */;
			projectDirPath = "";
			projectRoot = "";
			targets = (
				ACB879EE20FD91AF00DBC2E1 /* ParentChildren */,
			);
		};
/* End PBXProject section */

/* Begin PBXResourcesBuildPhase section */
		ACB879ED20FD91AF00DBC2E1 /* Resources */ = {
			isa = PBXResourcesBuildPhase;
			buildActionMask = 2147483647;
			files = (
				ACB879FD20FD91BD00DBC2E1 /* LaunchScreen.storyboard in Resources */,
				ACB87A0F20FDEBDB00DBC2E1 /* WeatherViewController.xib in Resources */,
				ACB879FA20FD91BD00DBC2E1 /* Assets.xcassets in Resources */,
				ACB879F820FD91B000DBC2E1 /* Main.storyboard in Resources */,
				ACB87A0B20FDDBC500DBC2E1 /* VideoViewController.xib in Resources */,
				ACB87A0720FD922700DBC2E1 /* MapViewController.xib in Resources */,
			);
			runOnlyForDeploymentPostprocessing = 0;
		};
/* End PBXResourcesBuildPhase section */

/* Begin PBXSourcesBuildPhase section */
		ACB879EB20FD91AF00DBC2E1 /* Sources */ = {
			isa = PBXSourcesBuildPhase;
			buildActionMask = 2147483647;
			files = (
				ACB879F520FD91B000DBC2E1 /* RestaurantViewController.swift in Sources */,
				ACB87A0E20FDEBDB00DBC2E1 /* WeatherViewController.swift in Sources */,
				ACB87A0620FD922700DBC2E1 /* MapViewController.swift in Sources */,
				ACB87A0A20FDDBC500DBC2E1 /* VideoViewController.swift in Sources */,
				ACB879F320FD91AF00DBC2E1 /* AppDelegate.swift in Sources */,
			);
			runOnlyForDeploymentPostprocessing = 0;
		};
/* End PBXSourcesBuildPhase section */

/* Begin PBXVariantGroup section */
		ACB879F620FD91B000DBC2E1 /* Main.storyboard */ = {
			isa = PBXVariantGroup;
			children = (
				ACB879F720FD91B000DBC2E1 /* Base */,
			);
			name = Main.storyboard;
			sourceTree = "<group>";
		};
		ACB879FB20FD91BD00DBC2E1 /* LaunchScreen.storyboard */ = {
			isa = PBXVariantGroup;
			children = (
				ACB879FC20FD91BD00DBC2E1 /* Base */,
			);
			name = LaunchScreen.storyboard;
			sourceTree = "<group>";
		};
/* End PBXVariantGroup section */

/* Begin XCBuildConfiguration section */
		ACB879FF20FD91BD00DBC2E1 /* Debug */ = {
			isa = XCBuildConfiguration;
			buildSettings = {
				ALWAYS_SEARCH_USER_PATHS = NO;
				CLANG_ANALYZER_NONNULL = YES;
				CLANG_ANALYZER_NUMBER_OBJECT_CONVERSION = YES_AGGRESSIVE;
				CLANG_CXX_LANGUAGE_STANDARD = "gnu++14";
				CLANG_CXX_LIBRARY = "libc++";
				CLANG_ENABLE_MODULES = YES;
				CLANG_ENABLE_OBJC_ARC = YES;
				CLANG_ENABLE_OBJC_WEAK = YES;
				CLANG_WARN_BLOCK_CAPTURE_AUTORELEASING = YES;
				CLANG_WARN_BOOL_CONVERSION = YES;
				CLANG_WARN_COMMA = YES;
				CLANG_WARN_CONSTANT_CONVERSION = YES;
				CLANG_WARN_DEPRECATED_OBJC_IMPLEMENTATIONS = YES;
				CLANG_WARN_DIRECT_OBJC_ISA_USAGE = YES_ERROR;
				CLANG_WARN_DOCUMENTATION_COMMENTS = YES;
				CLANG_WARN_EMPTY_BODY = YES;
				CLANG_WARN_ENUM_CONVERSION = YES;
				CLANG_WARN_INFINITE_RECURSION = YES;
				CLANG_WARN_INT_CONVERSION = YES;
				CLANG_WARN_NON_LITERAL_NULL_CONVERSION = YES;
				CLANG_WARN_OBJC_IMPLICIT_RETAIN_SELF = YES;
				CLANG_WARN_OBJC_LITERAL_CONVERSION = YES;
				CLANG_WARN_OBJC_ROOT_CLASS = YES_ERROR;
				CLANG_WARN_RANGE_LOOP_ANALYSIS = YES;
				CLANG_WARN_STRICT_PROTOTYPES = YES;
				CLANG_WARN_SUSPICIOUS_MOVE = YES;
				CLANG_WARN_UNGUARDED_AVAILABILITY = YES_AGGRESSIVE;
				CLANG_WARN_UNREACHABLE_CODE = YES;
				CLANG_WARN__DUPLICATE_METHOD_MATCH = YES;
				CODE_SIGN_IDENTITY = "iPhone Developer";
				COPY_PHASE_STRIP = NO;
				DEBUG_INFORMATION_FORMAT = dwarf;
				ENABLE_STRICT_OBJC_MSGSEND = YES;
				ENABLE_TESTABILITY = YES;
				GCC_C_LANGUAGE_STANDARD = gnu11;
				GCC_DYNAMIC_NO_PIC = NO;
				GCC_NO_COMMON_BLOCKS = YES;
				GCC_OPTIMIZATION_LEVEL = 0;
				GCC_PREPROCESSOR_DEFINITIONS = (
					"DEBUG=1",
					"$(inherited)",
				);
				GCC_WARN_64_TO_32_BIT_CONVERSION = YES;
				GCC_WARN_ABOUT_RETURN_TYPE = YES_ERROR;
				GCC_WARN_UNDECLARED_SELECTOR = YES;
				GCC_WARN_UNINITIALIZED_AUTOS = YES_AGGRESSIVE;
				GCC_WARN_UNUSED_FUNCTION = YES;
				GCC_WARN_UNUSED_VARIABLE = YES;
				IPHONEOS_DEPLOYMENT_TARGET = 11.4;
				MTL_ENABLE_DEBUG_INFO = YES;
				ONLY_ACTIVE_ARCH = YES;
				SDKROOT = iphoneos;
				SWIFT_ACTIVE_COMPILATION_CONDITIONS = DEBUG;
				SWIFT_OPTIMIZATION_LEVEL = "-Onone";
			};
			name = Debug;
		};
		ACB87A0020FD91BD00DBC2E1 /* Release */ = {
			isa = XCBuildConfiguration;
			buildSettings = {
				ALWAYS_SEARCH_USER_PATHS = NO;
				CLANG_ANALYZER_NONNULL = YES;
				CLANG_ANALYZER_NUMBER_OBJECT_CONVERSION = YES_AGGRESSIVE;
				CLANG_CXX_LANGUAGE_STANDARD = "gnu++14";
				CLANG_CXX_LIBRARY = "libc++";
				CLANG_ENABLE_MODULES = YES;
				CLANG_ENABLE_OBJC_ARC = YES;
				CLANG_ENABLE_OBJC_WEAK = YES;
				CLANG_WARN_BLOCK_CAPTURE_AUTORELEASING = YES;
				CLANG_WARN_BOOL_CONVERSION = YES;
				CLANG_WARN_COMMA = YES;
				CLANG_WARN_CONSTANT_CONVERSION = YES;
				CLANG_WARN_DEPRECATED_OBJC_IMPLEMENTATIONS = YES;
				CLANG_WARN_DIRECT_OBJC_ISA_USAGE = YES_ERROR;
				CLANG_WARN_DOCUMENTATION_COMMENTS = YES;
				CLANG_WARN_EMPTY_BODY = YES;
				CLANG_WARN_ENUM_CONVERSION = YES;
				CLANG_WARN_INFINITE_RECURSION = YES;
				CLANG_WARN_INT_CONVERSION = YES;
				CLANG_WARN_NON_LITERAL_NULL_CONVERSION = YES;
				CLANG_WARN_OBJC_IMPLICIT_RETAIN_SELF = YES;
				CLANG_WARN_OBJC_LITERAL_CONVERSION = YES;
				CLANG_WARN_OBJC_ROOT_CLASS = YES_ERROR;
				CLANG_WARN_RANGE_LOOP_ANALYSIS = YES;
				CLANG_WARN_STRICT_PROTOTYPES = YES;
				CLANG_WARN_SUSPICIOUS_MOVE = YES;
				CLANG_WARN_UNGUARDED_AVAILABILITY = YES_AGGRESSIVE;
				CLANG_WARN_UNREACHABLE_CODE = YES;
				CLANG_WARN__DUPLICATE_METHOD_MATCH = YES;
				CODE_SIGN_IDENTITY = "iPhone Developer";
				COPY_PHASE_STRIP = NO;
				DEBUG_INFORMATION_FORMAT = "dwarf-with-dsym";
				ENABLE_NS_ASSERTIONS = NO;
				ENABLE_STRICT_OBJC_MSGSEND = YES;
				GCC_C_LANGUAGE_STANDARD = gnu11;
				GCC_NO_COMMON_BLOCKS = YES;
				GCC_WARN_64_TO_32_BIT_CONVERSION = YES;
				GCC_WARN_ABOUT_RETURN_TYPE = YES_ERROR;
				GCC_WARN_UNDECLARED_SELECTOR = YES;
				GCC_WARN_UNINITIALIZED_AUTOS = YES_AGGRESSIVE;
				GCC_WARN_UNUSED_FUNCTION = YES;
				GCC_WARN_UNUSED_VARIABLE = YES;
				IPHONEOS_DEPLOYMENT_TARGET = 11.4;
				MTL_ENABLE_DEBUG_INFO = NO;
				SDKROOT = iphoneos;
				SWIFT_COMPILATION_MODE = wholemodule;
				SWIFT_OPTIMIZATION_LEVEL = "-O";
				VALIDATE_PRODUCT = YES;
			};
			name = Release;
		};
		ACB87A0220FD91BD00DBC2E1 /* Debug */ = {
			isa = XCBuildConfiguration;
			buildSettings = {
				ASSETCATALOG_COMPILER_APPICON_NAME = AppIcon;
				CODE_SIGN_STYLE = Manual;
				DEVELOPMENT_TEAM = 6P7LJS7G56;
				INFOPLIST_FILE = ParentChildren/Info.plist;
				LD_RUNPATH_SEARCH_PATHS = (
					"$(inherited)",
					"@executable_path/Frameworks",
				);
				PRODUCT_BUNDLE_IDENTIFIER = com.mildgrind.devtest;
				PRODUCT_NAME = "$(TARGET_NAME)";
				PROVISIONING_PROFILE = "7342e04e-7429-4da0-94fc-7ca7b0ff9f1c";
				PROVISIONING_PROFILE_SPECIFIER = DevTest;
				SWIFT_VERSION = 4.0;
				TARGETED_DEVICE_FAMILY = "1,2";
			};
			name = Debug;
		};
		ACB87A0320FD91BD00DBC2E1 /* Release */ = {
			isa = XCBuildConfiguration;
			buildSettings = {
				ASSETCATALOG_COMPILER_APPICON_NAME = AppIcon;
				CODE_SIGN_STYLE = Manual;
				DEVELOPMENT_TEAM = 6P7LJS7G56;
				INFOPLIST_FILE = ParentChildren/Info.plist;
				LD_RUNPATH_SEARCH_PATHS = (
					"$(inherited)",
					"@executable_path/Frameworks",
				);
				PRODUCT_BUNDLE_IDENTIFIER = com.mildgrind.devtest;
				PRODUCT_NAME = "$(TARGET_NAME)";
				PROVISIONING_PROFILE = "7342e04e-7429-4da0-94fc-7ca7b0ff9f1c";
				PROVISIONING_PROFILE_SPECIFIER = DevTest;
				SWIFT_VERSION = 4.0;
				TARGETED_DEVICE_FAMILY = "1,2";
			};
			name = Release;
		};
/* End XCBuildConfiguration section */

/* Begin XCConfigurationList section */
		ACB879EA20FD91AF00DBC2E1 /* Build configuration list for PBXProject "ParentChildren" */ = {
			isa = XCConfigurationList;
			buildConfigurations = (
				ACB879FF20FD91BD00DBC2E1 /* Debug */,
				ACB87A0020FD91BD00DBC2E1 /* Release */,
			);
			defaultConfigurationIsVisible = 0;
			defaultConfigurationName = Release;
		};
		ACB87A0120FD91BD00DBC2E1 /* Build configuration list for PBXNativeTarget "ParentChildren" */ = {
			isa = XCConfigurationList;
			buildConfigurations = (
				ACB87A0220FD91BD00DBC2E1 /* Debug */,
				ACB87A0320FD91BD00DBC2E1 /* Release */,
			);
			defaultConfigurationIsVisible = 0;
			defaultConfigurationName = Release;
		};
/* End XCConfigurationList section */
	};
	rootObject = ACB879E720FD91AF00DBC2E1 /* Project object */;
}
